
Microsoft Visual Studio Solution File, Format Version 11.00
# Visual Studio 2010
Project("{FAE04EC0-301F-11D3-BF4B-00C04F79EFBC}") = "BearAPI", "BearAPI\BearAPI.csproj", "{A730CB12-AF24-4C70-9011-C2697ED7CC98}"
EndProject
Project("{FAE04EC0-301F-11D3-BF4B-00C04F79EFBC}") = "BearTest", "BearTest\BearTest.csproj", "{321291D4-2B26-48F1-B6BF-E1F54D6D361B}"
EndProject
Project("{FAE04EC0-301F-11D3-BF4B-00C04F79EFBC}") = "DynamicWebServer", "DynamicWebServer\DynamicWebServer.csproj", "{778C6617-5906-4AA4-9EEA-1F270029BB7F}"
EndProject
Global
	GlobalSection(SolutionConfigurationPlatforms) = preSolution
		Debug|Any CPU = Debug|Any CPU
		Debug|Mixed Platforms = Debug|Mixed Platforms
		Debug|x86 = Debug|x86
		Release|Any CPU = Release|Any CPU
		Release|Mixed Platforms = Release|Mixed Platforms
		Release|x86 = Release|x86
	EndGlobalSection
	GlobalSection(ProjectConfigurationPlatforms) = postSolution
		{321291D4-2B26-48F1-B6BF-E1F54D6D361B}.Debug|Any CPU.ActiveCfg = Debug|x86
		{321291D4-2B26-48F1-B6BF-E1F54D6D361B}.Debug|Mixed Platforms.ActiveCfg = Debug|x86
		{321291D4-2B26-48F1-B6BF-E1F54D6D361B}.Debug|Mixed Platforms.Build.0 = Debug|x86
		{321291D4-2B26-48F1-B6BF-E1F54D6D361B}.Debug|x86.ActiveCfg = Debug|x86
		{321291D4-2B26-48F1-B6BF-E1F54D6D361B}.Debug|x86.Build.0 = Debug|x86
		{321291D4-2B26-48F1-B6BF-E1F54D6D361B}.Release|Any CPU.ActiveCfg = Release|x86
		{321291D4-2B26-48F1-B6BF-E1F54D6D361B}.Release|Mixed Platforms.ActiveCfg = Release|x86
		{321291D4-2B26-48F1-B6BF-E1F54D6D361B}.Release|Mixed Platforms.Build.0 = Release|x86
		{321291D4-2B26-48F1-B6BF-E1F54D6D361B}.Release|x86.ActiveCfg = Release|x86
		{321291D4-2B26-48F1-B6BF-E1F54D6D361B}.Release|x86.Build.0 = Release|x86
		{778C6617-5906-4AA4-9EEA-1F270029BB7F}.Debug|Any CPU.ActiveCfg = Debug|Any CPU
		{778C6617-5906-4AA4-9EEA-1F270029BB7F}.Debug|Any CPU.Build.0 = Debug|Any CPU
		{778C6617-5906-4AA4-9EEA-1F270029BB7F}.Debug|Mixed Platforms.ActiveCfg = Debug|Any CPU
		{778C6617-5906-4AA4-9EEA-1F270029BB7F}.Debug|Mixed Platforms.Build.0 = Debug|Any CPU
		{778C6617-5906-4AA4-9EEA-1F270029BB7F}.Debug|x86.ActiveCfg = Debug|Any CPU
		{778C6617-5906-4AA4-9EEA-1F270029BB7F}.Release|Any CPU.ActiveCfg = Release|Any CPU
		{778C6617-5906-4AA4-9EEA-1F270029BB7F}.Release|Any CPU.Build.0 = Release|Any CPU
		{778C6617-5906-4AA4-9EEA-1F270029BB7F}.Release|Mixed Platforms.ActiveCfg = Release|Any CPU
		{778C6617-5906-4AA4-9EEA-1F270029BB7F}.Release|Mixed Platforms.Build.0 = Release|Any CPU
		{778C6617-5906-4AA4-9EEA-1F270029BB7F}.Release|x86.ActiveCfg = Release|Any CPU
		{A730CB12-AF24-4C70-9011-C2697ED7CC98}.Debug|Any CPU.ActiveCfg = Debug|Any CPU
		{A730CB12-AF24-4C70-9011-C2697ED7CC98}.Debug|Any CPU.Build.0 = Debug|Any CPU
		{A730CB12-AF24-4C70-9011-C2697ED7CC98}.Debug|Mixed Platforms.ActiveCfg = Debug|Any CPU
		{A730CB12-AF24-4C70-9011-C2697ED7CC98}.Debug|Mixed Platforms.Build.0 = Debug|Any CPU
		{A730CB12-AF24-4C70-9011-C2697ED7CC98}.Debug|x86.ActiveCfg = Debug|Any CPU
		{A730CB12-AF24-4C70-9011-C2697ED7CC98}.Release|Any CPU.ActiveCfg = Release|Any CPU
		{A730CB12-AF24-4C70-9011-C2697ED7CC98}.Release|Any CPU.Build.0 = Release|Any CPU
		{A730CB12-AF24-4C70-9011-C2697ED7CC98}.Release|Mixed Platforms.ActiveCfg = Release|Any CPU
		{A730CB12-AF24-4C70-9011-C2697ED7CC98}.Release|Mixed Platforms.Build.0 = Release|Any CPU
		{A730CB12-AF24-4C70-9011-C2697ED7CC98}.Release|x86.ActiveCfg = Release|Any CPU
	EndGlobalSection
	GlobalSection(MonoDevelopProperties) = preSolution
		StartupItem = BearTest\BearTest.csproj
	EndGlobalSection
	GlobalSection(SolutionProperties) = preSolution
		HideSolutionNode = FALSE
	EndGlobalSection
EndGlobal
